
Microsoft Visual Studio Solution File, Format Version 12.00
# Visual Studio Version 16
VisualStudioVersion = 16.0.29519.87
MinimumVisualStudioVersion = 10.0.40219.1
Project("{FAE04EC0-301F-11D3-BF4B-00C04F79EFBC}") = "TimeTable.UWP", "TimeTable\TimeTable.UWP\TimeTable.UWP.csproj", "{E08F89F5-49F5-47AF-8F46-CE749BAE019A}"
EndProject
Project("{FAE04EC0-301F-11D3-BF4B-00C04F79EFBC}") = "TimeTable.Android", "TimeTable\TimeTable.Android\TimeTable.Android.csproj", "{5148284A-4331-46E1-B4F1-6CA034BDE11D}"
EndProject
Project("{FAE04EC0-301F-11D3-BF4B-00C04F79EFBC}") = "TimeTable", "TimeTable\TimeTable\TimeTable.csproj", "{C6F36D7C-3A66-4E7F-944E-A47EAE6BBAC6}"
EndProject
Global
	GlobalSection(SolutionConfigurationPlatforms) = preSolution
		Debug|Any CPU = Debug|Any CPU
		Debug|ARM = Debug|ARM
		Debug|x64 = Debug|x64
		Debug|x86 = Debug|x86
		Release|Any CPU = Release|Any CPU
		Release|ARM = Release|ARM
		Release|x64 = Release|x64
		Release|x86 = Release|x86
	EndGlobalSection
	GlobalSection(ProjectConfigurationPlatforms) = postSolution
		{E08F89F5-49F5-47AF-8F46-CE749BAE019A}.Debug|Any CPU.ActiveCfg = Debug|x86
		{E08F89F5-49F5-47AF-8F46-CE749BAE019A}.Debug|Any CPU.Build.0 = Debug|x86
		{E08F89F5-49F5-47AF-8F46-CE749BAE019A}.Debug|Any CPU.Deploy.0 = Debug|x86
		{E08F89F5-49F5-47AF-8F46-CE749BAE019A}.Debug|ARM.ActiveCfg = Debug|ARM
		{E08F89F5-49F5-47AF-8F46-CE749BAE019A}.Debug|ARM.Build.0 = Debug|ARM
		{E08F89F5-49F5-47AF-8F46-CE749BAE019A}.Debug|ARM.Deploy.0 = Debug|ARM
		{E08F89F5-49F5-47AF-8F46-CE749BAE019A}.Debug|x64.ActiveCfg = Debug|x64
		{E08F89F5-49F5-47AF-8F46-CE749BAE019A}.Debug|x64.Build.0 = Debug|x64
		{E08F89F5-49F5-47AF-8F46-CE749BAE019A}.Debug|x64.Deploy.0 = Debug|x64
		{E08F89F5-49F5-47AF-8F46-CE749BAE019A}.Debug|x86.ActiveCfg = Debug|x86
		{E08F89F5-49F5-47AF-8F46-CE749BAE019A}.Debug|x86.Build.0 = Debug|x86
		{E08F89F5-49F5-47AF-8F46-CE749BAE019A}.Debug|x86.Deploy.0 = Debug|x86
		{E08F89F5-49F5-47AF-8F46-CE749BAE019A}.Release|Any CPU.ActiveCfg = Release|x86
		{E08F89F5-49F5-47AF-8F46-CE749BAE019A}.Release|Any CPU.Build.0 = Release|x86
		{E08F89F5-49F5-47AF-8F46-CE749BAE019A}.Release|Any CPU.Deploy.0 = Release|x86
		{E08F89F5-49F5-47AF-8F46-CE749BAE019A}.Release|ARM.ActiveCfg = Release|ARM
		{E08F89F5-49F5-47AF-8F46-CE749BAE019A}.Release|ARM.Build.0 = Release|ARM
		{E08F89F5-49F5-47AF-8F46-CE749BAE019A}.Release|ARM.Deploy.0 = Release|ARM
		{E08F89F5-49F5-47AF-8F46-CE749BAE019A}.Release|x64.ActiveCfg = Release|x64
		{E08F89F5-49F5-47AF-8F46-CE749BAE019A}.Release|x64.Build.0 = Release|x64
		{E08F89F5-49F5-47AF-8F46-CE749BAE019A}.Release|x64.Deploy.0 = Release|x64
		{E08F89F5-49F5-47AF-8F46-CE749BAE019A}.Release|x86.ActiveCfg = Release|x86
		{E08F89F5-49F5-47AF-8F46-CE749BAE019A}.Release|x86.Build.0 = Release|x86
		{E08F89F5-49F5-47AF-8F46-CE749BAE019A}.Release|x86.Deploy.0 = Release|x86
		{5148284A-4331-46E1-B4F1-6CA034BDE11D}.Debug|Any CPU.ActiveCfg = Debug|Any CPU
		{5148284A-4331-46E1-B4F1-6CA034BDE11D}.Debug|Any CPU.Build.0 = Debug|Any CPU
		{5148284A-4331-46E1-B4F1-6CA034BDE11D}.Debug|Any CPU.Deploy.0 = Debug|Any CPU
		{5148284A-4331-46E1-B4F1-6CA034BDE11D}.Debug|ARM.ActiveCfg = Debug|Any CPU
		{5148284A-4331-46E1-B4F1-6CA034BDE11D}.Debug|ARM.Build.0 = Debug|Any CPU
		{5148284A-4331-46E1-B4F1-6CA034BDE11D}.Debug|ARM.Deploy.0 = Debug|Any CPU
		{5148284A-4331-46E1-B4F1-6CA034BDE11D}.Debug|x64.ActiveCfg = Debug|Any CPU
		{5148284A-4331-46E1-B4F1-6CA034BDE11D}.Debug|x64.Build.0 = Debug|Any CPU
		{5148284A-4331-46E1-B4F1-6CA034BDE11D}.Debug|x64.Deploy.0 = Debug|Any CPU
		{5148284A-4331-46E1-B4F1-6CA034BDE11D}.Debug|x86.ActiveCfg = Debug|Any CPU
		{5148284A-4331-46E1-B4F1-6CA034BDE11D}.Debug|x86.Build.0 = Debug|Any CPU
		{5148284A-4331-46E1-B4F1-6CA034BDE11D}.Debug|x86.Deploy.0 = Debug|Any CPU
		{5148284A-4331-46E1-B4F1-6CA034BDE11D}.Release|Any CPU.ActiveCfg = Release|Any CPU
		{5148284A-4331-46E1-B4F1-6CA034BDE11D}.Release|Any CPU.Build.0 = Release|Any CPU
		{5148284A-4331-46E1-B4F1-6CA034BDE11D}.Release|Any CPU.Deploy.0 = Release|Any CPU
		{5148284A-4331-46E1-B4F1-6CA034BDE11D}.Release|ARM.ActiveCfg = Release|Any CPU
		{5148284A-4331-46E1-B4F1-6CA034BDE11D}.Release|ARM.Build.0 = Release|Any CPU
		{5148284A-4331-46E1-B4F1-6CA034BDE11D}.Release|ARM.Deploy.0 = Release|Any CPU
		{5148284A-4331-46E1-B4F1-6CA034BDE11D}.Release|x64.ActiveCfg = Release|Any CPU
		{5148284A-4331-46E1-B4F1-6CA034BDE11D}.Release|x64.Build.0 = Release|Any CPU
		{5148284A-4331-46E1-B4F1-6CA034BDE11D}.Release|x64.Deploy.0 = Release|Any CPU
		{5148284A-4331-46E1-B4F1-6CA034BDE11D}.Release|x86.ActiveCfg = Release|Any CPU
		{5148284A-4331-46E1-B4F1-6CA034BDE11D}.Release|x86.Build.0 = Release|Any CPU
		{5148284A-4331-46E1-B4F1-6CA034BDE11D}.Release|x86.Deploy.0 = Release|Any CPU
		{C6F36D7C-3A66-4E7F-944E-A47EAE6BBAC6}.Debug|Any CPU.ActiveCfg = Debug|Any CPU
		{C6F36D7C-3A66-4E7F-944E-A47EAE6BBAC6}.Debug|Any CPU.Build.0 = Debug|Any CPU
		{C6F36D7C-3A66-4E7F-944E-A47EAE6BBAC6}.Debug|Any CPU.Deploy.0 = Debug|Any CPU
		{C6F36D7C-3A66-4E7F-944E-A47EAE6BBAC6}.Debug|ARM.ActiveCfg = Debug|Any CPU
		{C6F36D7C-3A66-4E7F-944E-A47EAE6BBAC6}.Debug|ARM.Build.0 = Debug|Any CPU
		{C6F36D7C-3A66-4E7F-944E-A47EAE6BBAC6}.Debug|ARM.Deploy.0 = Debug|Any CPU
		{C6F36D7C-3A66-4E7F-944E-A47EAE6BBAC6}.Debug|x64.ActiveCfg = Debug|Any CPU
		{C6F36D7C-3A66-4E7F-944E-A47EAE6BBAC6}.Debug|x64.Build.0 = Debug|Any CPU
		{C6F36D7C-3A66-4E7F-944E-A47EAE6BBAC6}.Debug|x64.Deploy.0 = Debug|Any CPU
		{C6F36D7C-3A66-4E7F-944E-A47EAE6BBAC6}.Debug|x86.ActiveCfg = Debug|Any CPU
		{C6F36D7C-3A66-4E7F-944E-A47EAE6BBAC6}.Debug|x86.Build.0 = Debug|Any CPU
		{C6F36D7C-3A66-4E7F-944E-A47EAE6BBAC6}.Debug|x86.Deploy.0 = Debug|Any CPU
		{C6F36D7C-3A66-4E7F-944E-A47EAE6BBAC6}.Release|Any CPU.ActiveCfg = Release|Any CPU
		{C6F36D7C-3A66-4E7F-944E-A47EAE6BBAC6}.Release|Any CPU.Build.0 = Release|Any CPU
		{C6F36D7C-3A66-4E7F-944E-A47EAE6BBAC6}.Release|Any CPU.Deploy.0 = Release|Any CPU
		{C6F36D7C-3A66-4E7F-944E-A47EAE6BBAC6}.Release|ARM.ActiveCfg = Release|Any CPU
		{C6F36D7C-3A66-4E7F-944E-A47EAE6BBAC6}.Release|ARM.Build.0 = Release|Any CPU
		{C6F36D7C-3A66-4E7F-944E-A47EAE6BBAC6}.Release|ARM.Deploy.0 = Release|Any CPU
		{C6F36D7C-3A66-4E7F-944E-A47EAE6BBAC6}.Release|x64.ActiveCfg = Release|Any CPU
		{C6F36D7C-3A66-4E7F-944E-A47EAE6BBAC6}.Release|x64.Build.0 = Release|Any CPU
		{C6F36D7C-3A66-4E7F-944E-A47EAE6BBAC6}.Release|x64.Deploy.0 = Release|Any CPU
		{C6F36D7C-3A66-4E7F-944E-A47EAE6BBAC6}.Release|x86.ActiveCfg = Release|Any CPU
		{C6F36D7C-3A66-4E7F-944E-A47EAE6BBAC6}.Release|x86.Build.0 = Release|Any CPU
		{C6F36D7C-3A66-4E7F-944E-A47EAE6BBAC6}.Release|x86.Deploy.0 = Release|Any CPU
	EndGlobalSection
	GlobalSection(SolutionProperties) = preSolution
		HideSolutionNode = FALSE
	EndGlobalSection
	GlobalSection(ExtensibilityGlobals) = postSolution
		SolutionGuid = {A95BFB95-C9FC-4B8F-8AA4-64C8749D69F5}
	EndGlobalSection
EndGlobal
